// !$*UTF8*$!
{
	archiveVersion = 1;
	classes = {
	};
	objectVersion = 50;
	objects = {

/* Begin PBXBuildFile section */
		951671E3229D45F1008666DF /* DetailViewController.swift in Sources */ = {isa = PBXBuildFile; fileRef = 951671E2229D45F1008666DF /* DetailViewController.swift */; };
		9571036A229AEAA0008EDC01 /* AuthorsDataSource.swift in Sources */ = {isa = PBXBuildFile; fileRef = 95710369229AEAA0008EDC01 /* AuthorsDataSource.swift */; };
		9571036C229AF117008EDC01 /* AuthorsViewController.swift in Sources */ = {isa = PBXBuildFile; fileRef = 9571036B229AF117008EDC01 /* AuthorsViewController.swift */; };
		958F66FA22905521007B610A /* AppDelegate.swift in Sources */ = {isa = PBXBuildFile; fileRef = 958F66F922905521007B610A /* AppDelegate.swift */; };
		958F66FF22905521007B610A /* Main.storyboard in Resources */ = {isa = PBXBuildFile; fileRef = 958F66FD22905521007B610A /* Main.storyboard */; };
		958F670122905523007B610A /* Assets.xcassets in Resources */ = {isa = PBXBuildFile; fileRef = 958F670022905523007B610A /* Assets.xcassets */; };
		958F670422905523007B610A /* LaunchScreen.storyboard in Resources */ = {isa = PBXBuildFile; fileRef = 958F670222905523007B610A /* LaunchScreen.storyboard */; };
		958F670C22905582007B610A /* QuoteCell.swift in Sources */ = {isa = PBXBuildFile; fileRef = 958F670B22905582007B610A /* QuoteCell.swift */; };
		958F670E229055A3007B610A /* Quote.swift in Sources */ = {isa = PBXBuildFile; fileRef = 958F670D229055A3007B610A /* Quote.swift */; };
		958F6710229055B5007B610A /* QuotesDataSource.swift in Sources */ = {isa = PBXBuildFile; fileRef = 958F670F229055B5007B610A /* QuotesDataSource.swift */; };
		958F6712229055E8007B610A /* QuotesViewController.swift in Sources */ = {isa = PBXBuildFile; fileRef = 958F6711229055E8007B610A /* QuotesViewController.swift */; };
		95ED0D20229AF3B300C4AEE0 /* SectionHeader.xib in Resources */ = {isa = PBXBuildFile; fileRef = 95ED0D1F229AF3B300C4AEE0 /* SectionHeader.xib */; };
/* End PBXBuildFile section */

/* Begin PBXFileReference section */
		951671E2229D45F1008666DF /* DetailViewController.swift */ = {isa = PBXFileReference; lastKnownFileType = sourcecode.swift; path = DetailViewController.swift; sourceTree = "<group>"; };
		95710369229AEAA0008EDC01 /* AuthorsDataSource.swift */ = {isa = PBXFileReference; lastKnownFileType = sourcecode.swift; path = AuthorsDataSource.swift; sourceTree = "<group>"; };
		9571036B229AF117008EDC01 /* AuthorsViewController.swift */ = {isa = PBXFileReference; lastKnownFileType = sourcecode.swift; path = AuthorsViewController.swift; sourceTree = "<group>"; };
		958F66F622905521007B610A /* Quotes.app */ = {isa = PBXFileReference; explicitFileType = wrapper.application; includeInIndex = 0; path = Quotes.app; sourceTree = BUILT_PRODUCTS_DIR; };
		958F66F922905521007B610A /* AppDelegate.swift */ = {isa = PBXFileReference; lastKnownFileType = sourcecode.swift; path = AppDelegate.swift; sourceTree = "<group>"; };
		958F66FE22905521007B610A /* Base */ = {isa = PBXFileReference; lastKnownFileType = file.storyboard; name = Base; path = Base.lproj/Main.storyboard; sourceTree = "<group>"; };
		958F670022905523007B610A /* Assets.xcassets */ = {isa = PBXFileReference; lastKnownFileType = folder.assetcatalog; path = Assets.xcassets; sourceTree = "<group>"; };
		958F670322905523007B610A /* Base */ = {isa = PBXFileReference; lastKnownFileType = file.storyboard; name = Base; path = Base.lproj/LaunchScreen.storyboard; sourceTree = "<group>"; };
		958F670522905523007B610A /* Info.plist */ = {isa = PBXFileReference; lastKnownFileType = text.plist.xml; path = Info.plist; sourceTree = "<group>"; };
		958F670B22905582007B610A /* QuoteCell.swift */ = {isa = PBXFileReference; lastKnownFileType = sourcecode.swift; path = QuoteCell.swift; sourceTree = "<group>"; };
		958F670D229055A3007B610A /* Quote.swift */ = {isa = PBXFileReference; lastKnownFileType = sourcecode.swift; path = Quote.swift; sourceTree = "<group>"; };
		958F670F229055B5007B610A /* QuotesDataSource.swift */ = {isa = PBXFileReference; lastKnownFileType = sourcecode.swift; path = QuotesDataSource.swift; sourceTree = "<group>"; };
		958F6711229055E8007B610A /* QuotesViewController.swift */ = {isa = PBXFileReference; fileEncoding = 4; lastKnownFileType = sourcecode.swift; path = QuotesViewController.swift; sourceTree = "<group>"; };
		95ED0D1F229AF3B300C4AEE0 /* SectionHeader.xib */ = {isa = PBXFileReference; lastKnownFileType = file.xib; path = SectionHeader.xib; sourceTree = "<group>"; };
/* End PBXFileReference section */

/* Begin PBXFrameworksBuildPhase section */
		958F66F322905521007B610A /* Frameworks */ = {
			isa = PBXFrameworksBuildPhase;
			buildActionMask = 2147483647;
			files = (
			);
			runOnlyForDeploymentPostprocessing = 0;
		};
/* End PBXFrameworksBuildPhase section */

/* Begin PBXGroup section */
		958F66ED22905521007B610A = {
			isa = PBXGroup;
			children = (
				958F66F822905521007B610A /* Quotes */,
				958F66F722905521007B610A /* Products */,
			);
			sourceTree = "<group>";
		};
		958F66F722905521007B610A /* Products */ = {
			isa = PBXGroup;
			children = (
				958F66F622905521007B610A /* Quotes.app */,
			);
			name = Products;
			sourceTree = "<group>";
		};
		958F66F822905521007B610A /* Quotes */ = {
			isa = PBXGroup;
			children = (
				958F66FD22905521007B610A /* Main.storyboard */,
				958F670222905523007B610A /* LaunchScreen.storyboard */,
				958F66F922905521007B610A /* AppDelegate.swift */,
				958F6711229055E8007B610A /* QuotesViewController.swift */,
				951671E2229D45F1008666DF /* DetailViewController.swift */,
				958F670F229055B5007B610A /* QuotesDataSource.swift */,
				9571036B229AF117008EDC01 /* AuthorsViewController.swift */,
				95710369229AEAA0008EDC01 /* AuthorsDataSource.swift */,
				95ED0D1F229AF3B300C4AEE0 /* SectionHeader.xib */,
				958F670B22905582007B610A /* QuoteCell.swift */,
				958F670D229055A3007B610A /* Quote.swift */,
				958F670022905523007B610A /* Assets.xcassets */,
				958F670522905523007B610A /* Info.plist */,
			);
			path = Quotes;
			sourceTree = "<group>";
		};
/* End PBXGroup section */

/* Begin PBXNativeTarget section */
		958F66F522905521007B610A /* Quotes */ = {
			isa = PBXNativeTarget;
			buildConfigurationList = 958F670822905523007B610A /* Build configuration list for PBXNativeTarget "Quotes" */;
			buildPhases = (
				958F66F222905521007B610A /* Sources */,
				958F66F322905521007B610A /* Frameworks */,
				958F66F422905521007B610A /* Resources */,
			);
			buildRules = (
			);
			dependencies = (
			);
			name = Quotes;
			productName = Quotes;
			productReference = 958F66F622905521007B610A /* Quotes.app */;
			productType = "com.apple.product-type.application";
		};
/* End PBXNativeTarget section */

/* Begin PBXProject section */
		958F66EE22905521007B610A /* Project object */ = {
			isa = PBXProject;
			attributes = {
				LastSwiftUpdateCheck = 1020;
				LastUpgradeCheck = 1020;
				ORGANIZATIONNAME = "Matteo Manferdini";
				TargetAttributes = {
					958F66F522905521007B610A = {
						CreatedOnToolsVersion = 10.2.1;
					};
				};
			};
			buildConfigurationList = 958F66F122905521007B610A /* Build configuration list for PBXProject "Quotes" */;
			compatibilityVersion = "Xcode 9.3";
			developmentRegion = en;
			hasScannedForEncodings = 0;
			knownRegions = (
				en,
				Base,
			);
			mainGroup = 958F66ED22905521007B610A;
			productRefGroup = 958F66F722905521007B610A /* Products */;
			projectDirPath = "";
			projectRoot = "";
			targets = (
				958F66F522905521007B610A /* Quotes */,
			);
		};
/* End PBXProject section */

/* Begin PBXResourcesBuildPhase section */
		958F66F422905521007B610A /* Resources */ = {
			isa = PBXResourcesBuildPhase;
			buildActionMask = 2147483647;
			files = (
				95ED0D20229AF3B300C4AEE0 /* SectionHeader.xib in Resources */,
				958F670422905523007B610A /* LaunchScreen.storyboard in Resources */,
				958F670122905523007B610A /* Assets.xcassets in Resources */,
				958F66FF22905521007B610A /* Main.storyboard in Resources */,
			);
			runOnlyForDeploymentPostprocessing = 0;
		};
/* End PBXResourcesBuildPhase section */

/* Begin PBXSourcesBuildPhase section */
		958F66F222905521007B610A /* Sources */ = {
			isa = PBXSourcesBuildPhase;
			buildActionMask = 2147483647;
			files = (
				958F6712229055E8007B610A /* QuotesViewController.swift in Sources */,
				951671E3229D45F1008666DF /* DetailViewController.swift in Sources */,
				9571036C229AF117008EDC01 /* AuthorsViewController.swift in Sources */,
				9571036A229AEAA0008EDC01 /* AuthorsDataSource.swift in Sources */,
				958F670E229055A3007B610A /* Quote.swift in Sources */,
				958F670C22905582007B610A /* QuoteCell.swift in Sources */,
				958F6710229055B5007B610A /* QuotesDataSource.swift in Sources */,
				958F66FA22905521007B610A /* AppDelegate.swift in Sources */,
			);
			runOnlyForDeploymentPostprocessing = 0;
		};
/* End PBXSourcesBuildPhase section */

/* Begin PBXVariantGroup section */
		958F66FD22905521007B610A /* Main.storyboard */ = {
			isa = PBXVariantGroup;
			children = (
				958F66FE22905521007B610A /* Base */,
			);
			name = Main.storyboard;
			sourceTree = "<group>";
		};
		958F670222905523007B610A /* LaunchScreen.storyboard */ = {
			isa = PBXVariantGroup;
			children = (
				958F670322905523007B610A /* Base */,
			);
			name = LaunchScreen.storyboard;
			sourceTree = "<group>";
		};
/* End PBXVariantGroup section */

/* Begin XCBuildConfiguration section */
		958F670622905523007B610A /* Debug */ = {
			isa = XCBuildConfiguration;
			buildSettings = {
				ALWAYS_SEARCH_USER_PATHS = NO;
				CLANG_ANALYZER_NONNULL = YES;
				CLANG_ANALYZER_NUMBER_OBJECT_CONVERSION = YES_AGGRESSIVE;
				CLANG_CXX_LANGUAGE_STANDARD = "gnu++14";
				CLANG_CXX_LIBRARY = "libc++";
				CLANG_ENABLE_MODULES = YES;
				CLANG_ENABLE_OBJC_ARC = YES;
				CLANG_ENABLE_OBJC_WEAK = YES;
				CLANG_WARN_BLOCK_CAPTURE_AUTORELEASING = YES;
				CLANG_WARN_BOOL_CONVERSION = YES;
				CLANG_WARN_COMMA = YES;
				CLANG_WARN_CONSTANT_CONVERSION = YES;
				CLANG_WARN_DEPRECATED_OBJC_IMPLEMENTATIONS = YES;
				CLANG_WARN_DIRECT_OBJC_ISA_USAGE = YES_ERROR;
				CLANG_WARN_DOCUMENTATION_COMMENTS = YES;
				CLANG_WARN_EMPTY_BODY = YES;
				CLANG_WARN_ENUM_CONVERSION = YES;
				CLANG_WARN_INFINITE_RECURSION = YES;
				CLANG_WARN_INT_CONVERSION = YES;
				CLANG_WARN_NON_LITERAL_NULL_CONVERSION = YES;
				CLANG_WARN_OBJC_IMPLICIT_RETAIN_SELF = YES;
				CLANG_WARN_OBJC_LITERAL_CONVERSION = YES;
				CLANG_WARN_OBJC_ROOT_CLASS = YES_ERROR;
				CLANG_WARN_RANGE_LOOP_ANALYSIS = YES;
				CLANG_WARN_STRICT_PROTOTYPES = YES;
				CLANG_WARN_SUSPICIOUS_MOVE = YES;
				CLANG_WARN_UNGUARDED_AVAILABILITY = YES_AGGRESSIVE;
				CLANG_WARN_UNREACHABLE_CODE = YES;
				CLANG_WARN__DUPLICATE_METHOD_MATCH = YES;
				CODE_SIGN_IDENTITY = "iPhone Developer";
				COPY_PHASE_STRIP = NO;
				DEBUG_INFORMATION_FORMAT = dwarf;
				ENABLE_STRICT_OBJC_MSGSEND = YES;
				ENABLE_TESTABILITY = YES;
				GCC_C_LANGUAGE_STANDARD = gnu11;
				GCC_DYNAMIC_NO_PIC = NO;
				GCC_NO_COMMON_BLOCKS = YES;
				GCC_OPTIMIZATION_LEVEL = 0;
				GCC_PREPROCESSOR_DEFINITIONS = (
					"DEBUG=1",
					"$(inherited)",
				);
				GCC_WARN_64_TO_32_BIT_CONVERSION = YES;
				GCC_WARN_ABOUT_RETURN_TYPE = YES_ERROR;
				GCC_WARN_UNDECLARED_SELECTOR = YES;
				GCC_WARN_UNINITIALIZED_AUTOS = YES_AGGRESSIVE;
				GCC_WARN_UNUSED_FUNCTION = YES;
				GCC_WARN_UNUSED_VARIABLE = YES;
				IPHONEOS_DEPLOYMENT_TARGET = 12.2;
				MTL_ENABLE_DEBUG_INFO = INCLUDE_SOURCE;
				MTL_FAST_MATH = YES;
				ONLY_ACTIVE_ARCH = YES;
				SDKROOT = iphoneos;
				SWIFT_ACTIVE_COMPILATION_CONDITIONS = DEBUG;
				SWIFT_OPTIMIZATION_LEVEL = "-Onone";
			};
			name = Debug;
		};
		958F670722905523007B610A /* Release */ = {
			isa = XCBuildConfiguration;
			buildSettings = {
				ALWAYS_SEARCH_USER_PATHS = NO;
				CLANG_ANALYZER_NONNULL = YES;
				CLANG_ANALYZER_NUMBER_OBJECT_CONVERSION = YES_AGGRESSIVE;
				CLANG_CXX_LANGUAGE_STANDARD = "gnu++14";
				CLANG_CXX_LIBRARY = "libc++";
				CLANG_ENABLE_MODULES = YES;
				CLANG_ENABLE_OBJC_ARC = YES;
				CLANG_ENABLE_OBJC_WEAK = YES;
				CLANG_WARN_BLOCK_CAPTURE_AUTORELEASING = YES;
				CLANG_WARN_BOOL_CONVERSION = YES;
				CLANG_WARN_COMMA = YES;
				CLANG_WARN_CONSTANT_CONVERSION = YES;
				CLANG_WARN_DEPRECATED_OBJC_IMPLEMENTATIONS = YES;
				CLANG_WARN_DIRECT_OBJC_ISA_USAGE = YES_ERROR;
				CLANG_WARN_DOCUMENTATION_COMMENTS = YES;
				CLANG_WARN_EMPTY_BODY = YES;
				CLANG_WARN_ENUM_CONVERSION = YES;
				CLANG_WARN_INFINITE_RECURSION = YES;
				CLANG_WARN_INT_CONVERSION = YES;
				CLANG_WARN_NON_LITERAL_NULL_CONVERSION = YES;
				CLANG_WARN_OBJC_IMPLICIT_RETAIN_SELF = YES;
				CLANG_WARN_OBJC_LITERAL_CONVERSION = YES;
				CLANG_WARN_OBJC_ROOT_CLASS = YES_ERROR;
				CLANG_WARN_RANGE_LOOP_ANALYSIS = YES;
				CLANG_WARN_STRICT_PROTOTYPES = YES;
				CLANG_WARN_SUSPICIOUS_MOVE = YES;
				CLANG_WARN_UNGUARDED_AVAILABILITY = YES_AGGRESSIVE;
				CLANG_WARN_UNREACHABLE_CODE = YES;
				CLANG_WARN__DUPLICATE_METHOD_MATCH = YES;
				CODE_SIGN_IDENTITY = "iPhone Developer";
				COPY_PHASE_STRIP = NO;
				DEBUG_INFORMATION_FORMAT = "dwarf-with-dsym";
				ENABLE_NS_ASSERTIONS = NO;
				ENABLE_STRICT_OBJC_MSGSEND = YES;
				GCC_C_LANGUAGE_STANDARD = gnu11;
				GCC_NO_COMMON_BLOCKS = YES;
				GCC_WARN_64_TO_32_BIT_CONVERSION = YES;
				GCC_WARN_ABOUT_RETURN_TYPE = YES_ERROR;
				GCC_WARN_UNDECLARED_SELECTOR = YES;
				GCC_WARN_UNINITIALIZED_AUTOS = YES_AGGRESSIVE;
				GCC_WARN_UNUSED_FUNCTION = YES;
				GCC_WARN_UNUSED_VARIABLE = YES;
				IPHONEOS_DEPLOYMENT_TARGET = 12.2;
				MTL_ENABLE_DEBUG_INFO = NO;
				MTL_FAST_MATH = YES;
				SDKROOT = iphoneos;
				SWIFT_COMPILATION_MODE = wholemodule;
				SWIFT_OPTIMIZATION_LEVEL = "-O";
				VALIDATE_PRODUCT = YES;
			};
			name = Release;
		};
		958F670922905523007B610A /* Debug */ = {
			isa = XCBuildConfiguration;
			buildSettings = {
				ASSETCATALOG_COMPILER_APPICON_NAME = AppIcon;
				CODE_SIGN_STYLE = Automatic;
				INFOPLIST_FILE = Quotes/Info.plist;
				LD_RUNPATH_SEARCH_PATHS = (
					"$(inherited)",
					"@executable_path/Frameworks",
				);
				PRODUCT_BUNDLE_IDENTIFIER = com.matteomanferdini.Quotes;
				PRODUCT_NAME = "$(TARGET_NAME)";
				SWIFT_VERSION = 5.0;
				TARGETED_DEVICE_FAMILY = "1,2";
			};
			name = Debug;
		};
		958F670A22905523007B610A /* Release */ = {
			isa = XCBuildConfiguration;
			buildSettings = {
				ASSETCATALOG_COMPILER_APPICON_NAME = AppIcon;
				CODE_SIGN_STYLE = Automatic;
				INFOPLIST_FILE = Quotes/Info.plist;
				LD_RUNPATH_SEARCH_PATHS = (
					"$(inherited)",
					"@executable_path/Frameworks",
				);
				PRODUCT_BUNDLE_IDENTIFIER = com.matteomanferdini.Quotes;
				PRODUCT_NAME = "$(TARGET_NAME)";
				SWIFT_VERSION = 5.0;
				TARGETED_DEVICE_FAMILY = "1,2";
			};
			name = Release;
		};
/* End XCBuildConfiguration section */

/* Begin XCConfigurationList section */
		958F66F122905521007B610A /* Build configuration list for PBXProject "Quotes" */ = {
			isa = XCConfigurationList;
			buildConfigurations = (
				958F670622905523007B610A /* Debug */,
				958F670722905523007B610A /* Release */,
			);
			defaultConfigurationIsVisible = 0;
			defaultConfigurationName = Release;
		};
		958F670822905523007B610A /* Build configuration list for PBXNativeTarget "Quotes" */ = {
			isa = XCConfigurationList;
			buildConfigurations = (
				958F670922905523007B610A /* Debug */,
				958F670A22905523007B610A /* Release */,
			);
			defaultConfigurationIsVisible = 0;
			defaultConfigurationName = Release;
		};
/* End XCConfigurationList section */
	};
	rootObject = 958F66EE22905521007B610A /* Project object */;
}
